// !$*UTF8*$!
{
	archiveVersion = 1;
	classes = {
	};
	objectVersion = 46;
	objects = {

/* Begin PBXBuildFile section */
		1F3458B91BEB704E0013E5C9 /* main.m in Sources */ = {isa = PBXBuildFile; fileRef = 1F3458B81BEB704E0013E5C9 /* main.m */; };
		1F3458BC1BEB704E0013E5C9 /* AppDelegate.m in Sources */ = {isa = PBXBuildFile; fileRef = 1F3458BB1BEB704E0013E5C9 /* AppDelegate.m */; };
		1F3458BF1BEB704E0013E5C9 /* ViewController.m in Sources */ = {isa = PBXBuildFile; fileRef = 1F3458BE1BEB704E0013E5C9 /* ViewController.m */; };
		1F3458C21BEB704E0013E5C9 /* Main.storyboard in Resources */ = {isa = PBXBuildFile; fileRef = 1F3458C01BEB704E0013E5C9 /* Main.storyboard */; };
		1F3458C41BEB704E0013E5C9 /* Assets.xcassets in Resources */ = {isa = PBXBuildFile; fileRef = 1F3458C31BEB704E0013E5C9 /* Assets.xcassets */; };
		1F3458C71BEB704E0013E5C9 /* LaunchScreen.storyboard in Resources */ = {isa = PBXBuildFile; fileRef = 1F3458C51BEB704E0013E5C9 /* LaunchScreen.storyboard */; };
		1F3458D21BEB704E0013E5C9 /* CityListTests.m in Sources */ = {isa = PBXBuildFile; fileRef = 1F3458D11BEB704E0013E5C9 /* CityListTests.m */; };
		1F3458DD1BEB704E0013E5C9 /* CityListUITests.m in Sources */ = {isa = PBXBuildFile; fileRef = 1F3458DC1BEB704E0013E5C9 /* CityListUITests.m */; };
/* End PBXBuildFile section */

/* Begin PBXContainerItemProxy section */
		1F3458CE1BEB704E0013E5C9 /* PBXContainerItemProxy */ = {
			isa = PBXContainerItemProxy;
			containerPortal = 1F3458AC1BEB704E0013E5C9 /* Project object */;
			proxyType = 1;
			remoteGlobalIDString = 1F3458B31BEB704E0013E5C9;
			remoteInfo = CityList;
		};
		1F3458D91BEB704E0013E5C9 /* PBXContainerItemProxy */ = {
			isa = PBXContainerItemProxy;
			containerPortal = 1F3458AC1BEB704E0013E5C9 /* Project object */;
			proxyType = 1;
			remoteGlobalIDString = 1F3458B31BEB704E0013E5C9;
			remoteInfo = CityList;
		};
/* End PBXContainerItemProxy section */

/* Begin PBXFileReference section */
		1F3458B41BEB704E0013E5C9 /* CityList.app */ = {isa = PBXFileReference; explicitFileType = wrapper.application; includeInIndex = 0; path = CityList.app; sourceTree = BUILT_PRODUCTS_DIR; };
		1F3458B81BEB704E0013E5C9 /* main.m */ = {isa = PBXFileReference; lastKnownFileType = sourcecode.c.objc; path = main.m; sourceTree = "<group>"; };
		1F3458BA1BEB704E0013E5C9 /* AppDelegate.h */ = {isa = PBXFileReference; lastKnownFileType = sourcecode.c.h; path = AppDelegate.h; sourceTree = "<group>"; };
		1F3458BB1BEB704E0013E5C9 /* AppDelegate.m */ = {isa = PBXFileReference; lastKnownFileType = sourcecode.c.objc; path = AppDelegate.m; sourceTree = "<group>"; };
		1F3458BD1BEB704E0013E5C9 /* ViewController.h */ = {isa = PBXFileReference; lastKnownFileType = sourcecode.c.h; path = ViewController.h; sourceTree = "<group>"; };
		1F3458BE1BEB704E0013E5C9 /* ViewController.m */ = {isa = PBXFileReference; lastKnownFileType = sourcecode.c.objc; path = ViewController.m; sourceTree = "<group>"; };
		1F3458C11BEB704E0013E5C9 /* Base */ = {isa = PBXFileReference; lastKnownFileType = file.storyboard; name = Base; path = Base.lproj/Main.storyboard; sourceTree = "<group>"; };
		1F3458C31BEB704E0013E5C9 /* Assets.xcassets */ = {isa = PBXFileReference; lastKnownFileType = folder.assetcatalog; path = Assets.xcassets; sourceTree = "<group>"; };
		1F3458C61BEB704E0013E5C9 /* Base */ = {isa = PBXFileReference; lastKnownFileType = file.storyboard; name = Base; path = Base.lproj/LaunchScreen.storyboard; sourceTree = "<group>"; };
		1F3458C81BEB704E0013E5C9 /* Info.plist */ = {isa = PBXFileReference; lastKnownFileType = text.plist.xml; path = Info.plist; sourceTree = "<group>"; };
		1F3458CD1BEB704E0013E5C9 /* CityListTests.xctest */ = {isa = PBXFileReference; explicitFileType = wrapper.cfbundle; includeInIndex = 0; path = CityListTests.xctest; sourceTree = BUILT_PRODUCTS_DIR; };
		1F3458D11BEB704E0013E5C9 /* CityListTests.m */ = {isa = PBXFileReference; lastKnownFileType = sourcecode.c.objc; path = CityListTests.m; sourceTree = "<group>"; };
		1F3458D31BEB704E0013E5C9 /* Info.plist */ = {isa = PBXFileReference; lastKnownFileType = text.plist.xml; path = Info.plist; sourceTree = "<group>"; };
		1F3458D81BEB704E0013E5C9 /* CityListUITests.xctest */ = {isa = PBXFileReference; explicitFileType = wrapper.cfbundle; includeInIndex = 0; path = CityListUITests.xctest; sourceTree = BUILT_PRODUCTS_DIR; };
		1F3458DC1BEB704E0013E5C9 /* CityListUITests.m */ = {isa = PBXFileReference; lastKnownFileType = sourcecode.c.objc; path = CityListUITests.m; sourceTree = "<group>"; };
		1F3458DE1BEB704E0013E5C9 /* Info.plist */ = {isa = PBXFileReference; lastKnownFileType = text.plist.xml; path = Info.plist; sourceTree = "<group>"; };
/* End PBXFileReference section */

/* Begin PBXFrameworksBuildPhase section */
		1F3458B11BEB704E0013E5C9 /* Frameworks */ = {
			isa = PBXFrameworksBuildPhase;
			buildActionMask = 2147483647;
			files = (
			);
			runOnlyForDeploymentPostprocessing = 0;
		};
		1F3458CA1BEB704E0013E5C9 /* Frameworks */ = {
			isa = PBXFrameworksBuildPhase;
			buildActionMask = 2147483647;
			files = (
			);
			runOnlyForDeploymentPostprocessing = 0;
		};
		1F3458D51BEB704E0013E5C9 /* Frameworks */ = {
			isa = PBXFrameworksBuildPhase;
			buildActionMask = 2147483647;
			files = (
			);
			runOnlyForDeploymentPostprocessing = 0;
		};
/* End PBXFrameworksBuildPhase section */

/* Begin PBXGroup section */
		1F3458AB1BEB704E0013E5C9 = {
			isa = PBXGroup;
			children = (
				1F3458B61BEB704E0013E5C9 /* CityList */,
				1F3458D01BEB704E0013E5C9 /* CityListTests */,
				1F3458DB1BEB704E0013E5C9 /* CityListUITests */,
				1F3458B51BEB704E0013E5C9 /* Products */,
			);
			sourceTree = "<group>";
		};
		1F3458B51BEB704E0013E5C9 /* Products */ = {
			isa = PBXGroup;
			children = (
				1F3458B41BEB704E0013E5C9 /* CityList.app */,
				1F3458CD1BEB704E0013E5C9 /* CityListTests.xctest */,
				1F3458D81BEB704E0013E5C9 /* CityListUITests.xctest */,
			);
			name = Products;
			sourceTree = "<group>";
		};
		1F3458B61BEB704E0013E5C9 /* CityList */ = {
			isa = PBXGroup;
			children = (
				1F3458BA1BEB704E0013E5C9 /* AppDelegate.h */,
				1F3458BB1BEB704E0013E5C9 /* AppDelegate.m */,
				1F3458BD1BEB704E0013E5C9 /* ViewController.h */,
				1F3458BE1BEB704E0013E5C9 /* ViewController.m */,
				1F3458C01BEB704E0013E5C9 /* Main.storyboard */,
				1F3458C31BEB704E0013E5C9 /* Assets.xcassets */,
				1F3458C51BEB704E0013E5C9 /* LaunchScreen.storyboard */,
				1F3458C81BEB704E0013E5C9 /* Info.plist */,
				1F3458B71BEB704E0013E5C9 /* Supporting Files */,
			);
			path = CityList;
			sourceTree = "<group>";
		};
		1F3458B71BEB704E0013E5C9 /* Supporting Files */ = {
			isa = PBXGroup;
			children = (
				1F3458B81BEB704E0013E5C9 /* main.m */,
			);
			name = "Supporting Files";
			sourceTree = "<group>";
		};
		1F3458D01BEB704E0013E5C9 /* CityListTests */ = {
			isa = PBXGroup;
			children = (
				1F3458D11BEB704E0013E5C9 /* CityListTests.m */,
				1F3458D31BEB704E0013E5C9 /* Info.plist */,
			);
			path = CityListTests;
			sourceTree = "<group>";
		};
		1F3458DB1BEB704E0013E5C9 /* CityListUITests */ = {
			isa = PBXGroup;
			children = (
				1F3458DC1BEB704E0013E5C9 /* CityListUITests.m */,
				1F3458DE1BEB704E0013E5C9 /* Info.plist */,
			);
			path = CityListUITests;
			sourceTree = "<group>";
		};
/* End PBXGroup section */

/* Begin PBXNativeTarget section */
		1F3458B31BEB704E0013E5C9 /* CityList */ = {
			isa = PBXNativeTarget;
			buildConfigurationList = 1F3458E11BEB704E0013E5C9 /* Build configuration list for PBXNativeTarget "CityList" */;
			buildPhases = (
				1F3458B01BEB704E0013E5C9 /* Sources */,
				1F3458B11BEB704E0013E5C9 /* Frameworks */,
				1F3458B21BEB704E0013E5C9 /* Resources */,
			);
			buildRules = (
			);
			dependencies = (
			);
			name = CityList;
			productName = CityList;
			productReference = 1F3458B41BEB704E0013E5C9 /* CityList.app */;
			productType = "com.apple.product-type.application";
		};
		1F3458CC1BEB704E0013E5C9 /* CityListTests */ = {
			isa = PBXNativeTarget;
			buildConfigurationList = 1F3458E41BEB704E0013E5C9 /* Build configuration list for PBXNativeTarget "CityListTests" */;
			buildPhases = (
				1F3458C91BEB704E0013E5C9 /* Sources */,
				1F3458CA1BEB704E0013E5C9 /* Frameworks */,
				1F3458CB1BEB704E0013E5C9 /* Resources */,
			);
			buildRules = (
			);
			dependencies = (
				1F3458CF1BEB704E0013E5C9 /* PBXTargetDependency */,
			);
			name = CityListTests;
			productName = CityListTests;
			productReference = 1F3458CD1BEB704E0013E5C9 /* CityListTests.xctest */;
			productType = "com.apple.product-type.bundle.unit-test";
		};
		1F3458D71BEB704E0013E5C9 /* CityListUITests */ = {
			isa = PBXNativeTarget;
			buildConfigurationList = 1F3458E71BEB704E0013E5C9 /* Build configuration list for PBXNativeTarget "CityListUITests" */;
			buildPhases = (
				1F3458D41BEB704E0013E5C9 /* Sources */,
				1F3458D51BEB704E0013E5C9 /* Frameworks */,
				1F3458D61BEB704E0013E5C9 /* Resources */,
			);
			buildRules = (
			);
			dependencies = (
				1F3458DA1BEB704E0013E5C9 /* PBXTargetDependency */,
			);
			name = CityListUITests;
			productName = CityListUITests;
			productReference = 1F3458D81BEB704E0013E5C9 /* CityListUITests.xctest */;
			productType = "com.apple.product-type.bundle.ui-testing";
		};
/* End PBXNativeTarget section */

/* Begin PBXProject section */
		1F3458AC1BEB704E0013E5C9 /* Project object */ = {
			isa = PBXProject;
			attributes = {
				LastUpgradeCheck = 0710;
				ORGANIZATIONNAME = MyMac;
				TargetAttributes = {
					1F3458B31BEB704E0013E5C9 = {
						CreatedOnToolsVersion = 7.1;
					};
					1F3458CC1BEB704E0013E5C9 = {
						CreatedOnToolsVersion = 7.1;
						TestTargetID = 1F3458B31BEB704E0013E5C9;
					};
					1F3458D71BEB704E0013E5C9 = {
						CreatedOnToolsVersion = 7.1;
						TestTargetID = 1F3458B31BEB704E0013E5C9;
					};
				};
			};
			buildConfigurationList = 1F3458AF1BEB704E0013E5C9 /* Build configuration list for PBXProject "CityList" */;
			compatibilityVersion = "Xcode 3.2";
			developmentRegion = English;
			hasScannedForEncodings = 0;
			knownRegions = (
				en,
				Base,
			);
			mainGroup = 1F3458AB1BEB704E0013E5C9;
			productRefGroup = 1F3458B51BEB704E0013E5C9 /* Products */;
			projectDirPath = "";
			projectRoot = "";
			targets = (
				1F3458B31BEB704E0013E5C9 /* CityList */,
				1F3458CC1BEB704E0013E5C9 /* CityListTests */,
				1F3458D71BEB704E0013E5C9 /* CityListUITests */,
			);
		};
/* End PBXProject section */

/* Begin PBXResourcesBuildPhase section */
		1F3458B21BEB704E0013E5C9 /* Resources */ = {
			isa = PBXResourcesBuildPhase;
			buildActionMask = 2147483647;
			files = (
				1F3458C71BEB704E0013E5C9 /* LaunchScreen.storyboard in Resources */,
				1F3458C41BEB704E0013E5C9 /* Assets.xcassets in Resources */,
				1F3458C21BEB704E0013E5C9 /* Main.storyboard in Resources */,
			);
			runOnlyForDeploymentPostprocessing = 0;
		};
		1F3458CB1BEB704E0013E5C9 /* Resources */ = {
			isa = PBXResourcesBuildPhase;
			buildActionMask = 2147483647;
			files = (
			);
			runOnlyForDeploymentPostprocessing = 0;
		};
		1F3458D61BEB704E0013E5C9 /* Resources */ = {
			isa = PBXResourcesBuildPhase;
			buildActionMask = 2147483647;
			files = (
			);
			runOnlyForDeploymentPostprocessing = 0;
		};
/* End PBXResourcesBuildPhase section */

/* Begin PBXSourcesBuildPhase section */
		1F3458B01BEB704E0013E5C9 /* Sources */ = {
			isa = PBXSourcesBuildPhase;
			buildActionMask = 2147483647;
			files = (
				1F3458BF1BEB704E0013E5C9 /* ViewController.m in Sources */,
				1F3458BC1BEB704E0013E5C9 /* AppDelegate.m in Sources */,
				1F3458B91BEB704E0013E5C9 /* main.m in Sources */,
			);
			runOnlyForDeploymentPostprocessing = 0;
		};
		1F3458C91BEB704E0013E5C9 /* Sources */ = {
			isa = PBXSourcesBuildPhase;
			buildActionMask = 2147483647;
			files = (
				1F3458D21BEB704E0013E5C9 /* CityListTests.m in Sources */,
			);
			runOnlyForDeploymentPostprocessing = 0;
		};
		1F3458D41BEB704E0013E5C9 /* Sources */ = {
			isa = PBXSourcesBuildPhase;
			buildActionMask = 2147483647;
			files = (
				1F3458DD1BEB704E0013E5C9 /* CityListUITests.m in Sources */,
			);
			runOnlyForDeploymentPostprocessing = 0;
		};
/* End PBXSourcesBuildPhase section */

/* Begin PBXTargetDependency section */
		1F3458CF1BEB704E0013E5C9 /* PBXTargetDependency */ = {
			isa = PBXTargetDependency;
			target = 1F3458B31BEB704E0013E5C9 /* CityList */;
			targetProxy = 1F3458CE1BEB704E0013E5C9 /* PBXContainerItemProxy */;
		};
		1F3458DA1BEB704E0013E5C9 /* PBXTargetDependency */ = {
			isa = PBXTargetDependency;
			target = 1F3458B31BEB704E0013E5C9 /* CityList */;
			targetProxy = 1F3458D91BEB704E0013E5C9 /* PBXContainerItemProxy */;
		};
/* End PBXTargetDependency section */

/* Begin PBXVariantGroup section */
		1F3458C01BEB704E0013E5C9 /* Main.storyboard */ = {
			isa = PBXVariantGroup;
			children = (
				1F3458C11BEB704E0013E5C9 /* Base */,
			);
			name = Main.storyboard;
			sourceTree = "<group>";
		};
		1F3458C51BEB704E0013E5C9 /* LaunchScreen.storyboard */ = {
			isa = PBXVariantGroup;
			children = (
				1F3458C61BEB704E0013E5C9 /* Base */,
			);
			name = LaunchScreen.storyboard;
			sourceTree = "<group>";
		};
/* End PBXVariantGroup section */

/* Begin XCBuildConfiguration section */
		1F3458DF1BEB704E0013E5C9 /* Debug */ = {
			isa = XCBuildConfiguration;
			buildSettings = {
				ALWAYS_SEARCH_USER_PATHS = NO;
				CLANG_CXX_LANGUAGE_STANDARD = "gnu++0x";
				CLANG_CXX_LIBRARY = "libc++";
				CLANG_ENABLE_MODULES = YES;
				CLANG_ENABLE_OBJC_ARC = YES;
				CLANG_WARN_BOOL_CONVERSION = YES;
				CLANG_WARN_CONSTANT_CONVERSION = YES;
				CLANG_WARN_DIRECT_OBJC_ISA_USAGE = YES_ERROR;
				CLANG_WARN_EMPTY_BODY = YES;
				CLANG_WARN_ENUM_CONVERSION = YES;
				CLANG_WARN_INT_CONVERSION = YES;
				CLANG_WARN_OBJC_ROOT_CLASS = YES_ERROR;
				CLANG_WARN_UNREACHABLE_CODE = YES;
				CLANG_WARN__DUPLICATE_METHOD_MATCH = YES;
				"CODE_SIGN_IDENTITY[sdk=iphoneos*]" = "iPhone Developer";
				COPY_PHASE_STRIP = NO;
				DEBUG_INFORMATION_FORMAT = dwarf;
				ENABLE_STRICT_OBJC_MSGSEND = YES;
				ENABLE_TESTABILITY = YES;
				GCC_C_LANGUAGE_STANDARD = gnu99;
				GCC_DYNAMIC_NO_PIC = NO;
				GCC_NO_COMMON_BLOCKS = YES;
				GCC_OPTIMIZATION_LEVEL = 0;
				GCC_PREPROCESSOR_DEFINITIONS = (
					"DEBUG=1",
					"$(inherited)",
				);
				GCC_WARN_64_TO_32_BIT_CONVERSION = YES;
				GCC_WARN_ABOUT_RETURN_TYPE = YES_ERROR;
				GCC_WARN_UNDECLARED_SELECTOR = YES;
				GCC_WARN_UNINITIALIZED_AUTOS = YES_AGGRESSIVE;
				GCC_WARN_UNUSED_FUNCTION = YES;
				GCC_WARN_UNUSED_VARIABLE = YES;
				IPHONEOS_DEPLOYMENT_TARGET = 9.1;
				MTL_ENABLE_DEBUG_INFO = YES;
				ONLY_ACTIVE_ARCH = YES;
				SDKROOT = iphoneos;
			};
			name = Debug;
		};
		1F3458E01BEB704E0013E5C9 /* Release */ = {
			isa = XCBuildConfiguration;
			buildSettings = {
				ALWAYS_SEARCH_USER_PATHS = NO;
				CLANG_CXX_LANGUAGE_STANDARD = "gnu++0x";
				CLANG_CXX_LIBRARY = "libc++";
				CLANG_ENABLE_MODULES = YES;
				CLANG_ENABLE_OBJC_ARC = YES;
				CLANG_WARN_BOOL_CONVERSION = YES;
				CLANG_WARN_CONSTANT_CONVERSION = YES;
				CLANG_WARN_DIRECT_OBJC_ISA_USAGE = YES_ERROR;
				CLANG_WARN_EMPTY_BODY = YES;
				CLANG_WARN_ENUM_CONVERSION = YES;
				CLANG_WARN_INT_CONVERSION = YES;
				CLANG_WARN_OBJC_ROOT_CLASS = YES_ERROR;
				CLANG_WARN_UNREACHABLE_CODE = YES;
				CLANG_WARN__DUPLICATE_METHOD_MATCH = YES;
				"CODE_SIGN_IDENTITY[sdk=iphoneos*]" = "iPhone Developer";
				COPY_PHASE_STRIP = NO;
				DEBUG_INFORMATION_FORMAT = "dwarf-with-dsym";
				ENABLE_NS_ASSERTIONS = NO;
				ENABLE_STRICT_OBJC_MSGSEND = YES;
				GCC_C_LANGUAGE_STANDARD = gnu99;
				GCC_NO_COMMON_BLOCKS = YES;
				GCC_WARN_64_TO_32_BIT_CONVERSION = YES;
				GCC_WARN_ABOUT_RETURN_TYPE = YES_ERROR;
				GCC_WARN_UNDECLARED_SELECTOR = YES;
				GCC_WARN_UNINITIALIZED_AUTOS = YES_AGGRESSIVE;
				GCC_WARN_UNUSED_FUNCTION = YES;
				GCC_WARN_UNUSED_VARIABLE = YES;
				IPHONEOS_DEPLOYMENT_TARGET = 9.1;
				MTL_ENABLE_DEBUG_INFO = NO;
				SDKROOT = iphoneos;
				VALIDATE_PRODUCT = YES;
			};
			name = Release;
		};
		1F3458E21BEB704E0013E5C9 /* Debug */ = {
			isa = XCBuildConfiguration;
			buildSettings = {
				ASSETCATALOG_COMPILER_APPICON_NAME = AppIcon;
				INFOPLIST_FILE = CityList/Info.plist;
				LD_RUNPATH_SEARCH_PATHS = "$(inherited) @executable_path/Frameworks";
				PRODUCT_BUNDLE_IDENTIFIER = daiyanwang.CityList;
				PRODUCT_NAME = "$(TARGET_NAME)";
			};
			name = Debug;
		};
		1F3458E31BEB704E0013E5C9 /* Release */ = {
			isa = XCBuildConfiguration;
			buildSettings = {
				ASSETCATALOG_COMPILER_APPICON_NAME = AppIcon;
				INFOPLIST_FILE = CityList/Info.plist;
				LD_RUNPATH_SEARCH_PATHS = "$(inherited) @executable_path/Frameworks";
				PRODUCT_BUNDLE_IDENTIFIER = daiyanwang.CityList;
				PRODUCT_NAME = "$(TARGET_NAME)";
			};
			name = Release;
		};
		1F3458E51BEB704E0013E5C9 /* Debug */ = {
			isa = XCBuildConfiguration;
			buildSettings = {
				BUNDLE_LOADER = "$(TEST_HOST)";
				INFOPLIST_FILE = CityListTests/Info.plist;
				LD_RUNPATH_SEARCH_PATHS = "$(inherited) @executable_path/Frameworks @loader_path/Frameworks";
				PRODUCT_BUNDLE_IDENTIFIER = daiyanwang.CityListTests;
				PRODUCT_NAME = "$(TARGET_NAME)";
				TEST_HOST = "$(BUILT_PRODUCTS_DIR)/CityList.app/CityList";
			};
			name = Debug;
		};
		1F3458E61BEB704E0013E5C9 /* Release */ = {
			isa = XCBuildConfiguration;
			buildSettings = {
				BUNDLE_LOADER = "$(TEST_HOST)";
				INFOPLIST_FILE = CityListTests/Info.plist;
				LD_RUNPATH_SEARCH_PATHS = "$(inherited) @executable_path/Frameworks @loader_path/Frameworks";
				PRODUCT_BUNDLE_IDENTIFIER = daiyanwang.CityListTests;
				PRODUCT_NAME = "$(TARGET_NAME)";
				TEST_HOST = "$(BUILT_PRODUCTS_DIR)/CityList.app/CityList";
			};
			name = Release;
		};
		1F3458E81BEB704E0013E5C9 /* Debug */ = {
			isa = XCBuildConfiguration;
			buildSettings = {
				INFOPLIST_FILE = CityListUITests/Info.plist;
				LD_RUNPATH_SEARCH_PATHS = "$(inherited) @executable_path/Frameworks @loader_path/Frameworks";
				PRODUCT_BUNDLE_IDENTIFIER = daiyanwang.CityListUITests;
				PRODUCT_NAME = "$(TARGET_NAME)";
				TEST_TARGET_NAME = CityList;
				USES_XCTRUNNER = YES;
			};
			name = Debug;
		};
		1F3458E91BEB704E0013E5C9 /* Release */ = {
			isa = XCBuildConfiguration;
			buildSettings = {
				INFOPLIST_FILE = CityListUITests/Info.plist;
				LD_RUNPATH_SEARCH_PATHS = "$(inherited) @executable_path/Frameworks @loader_path/Frameworks";
				PRODUCT_BUNDLE_IDENTIFIER = daiyanwang.CityListUITests;
				PRODUCT_NAME = "$(TARGET_NAME)";
				TEST_TARGET_NAME = CityList;
				USES_XCTRUNNER = YES;
			};
			name = Release;
		};
/* End XCBuildConfiguration section */

/* Begin XCConfigurationList section */
		1F3458AF1BEB704E0013E5C9 /* Build configuration list for PBXProject "CityList" */ = {
			isa = XCConfigurationList;
			buildConfigurations = (
				1F3458DF1BEB704E0013E5C9 /* Debug */,
				1F3458E01BEB704E0013E5C9 /* Release */,
			);
			defaultConfigurationIsVisible = 0;
			defaultConfigurationName = Release;
		};
		1F3458E11BEB704E0013E5C9 /* Build configuration list for PBXNativeTarget "CityList" */ = {
			isa = XCConfigurationList;
			buildConfigurations = (
				1F3458E21BEB704E0013E5C9 /* Debug */,
				1F3458E31BEB704E0013E5C9 /* Release */,
			);
			defaultConfigurationIsVisible = 0;
		};
		1F3458E41BEB704E0013E5C9 /* Build configuration list for PBXNativeTarget "CityListTests" */ = {
			isa = XCConfigurationList;
			buildConfigurations = (
				1F3458E51BEB704E0013E5C9 /* Debug */,
				1F3458E61BEB704E0013E5C9 /* Release */,
			);
			defaultConfigurationIsVisible = 0;
		};
		1F3458E71BEB704E0013E5C9 /* Build configuration list for PBXNativeTarget "CityListUITests" */ = {
			isa = XCConfigurationList;
			buildConfigurations = (
				1F3458E81BEB704E0013E5C9 /* Debug */,
				1F3458E91BEB704E0013E5C9 /* Release */,
			);
			defaultConfigurationIsVisible = 0;
		};
/* End XCConfigurationList section */
	};
	rootObject = 1F3458AC1BEB704E0013E5C9 /* Project object */;
}
